// !$*UTF8*$!
{
	archiveVersion = 1;
	classes = {
	};
	objectVersion = 51;
	objects = {

/* Begin PBXBuildFile section */
		647F1DBB6A5031931A4B7439 /* Pods_RxSwift_MVVM_Demo.framework in Frameworks */ = {isa = PBXBuildFile; fileRef = 6FEA300D250A3042C89C7A57 /* Pods_RxSwift_MVVM_Demo.framework */; };
		9A9636F0234D9CFE0022A9C8 /* PluginsManager.swift in Sources */ = {isa = PBXBuildFile; fileRef = 9A9636EF234D9CFE0022A9C8 /* PluginsManager.swift */; };
		9A9636F4234DB2B90022A9C8 /* Toast.swift in Sources */ = {isa = PBXBuildFile; fileRef = 9A9636F3234DB2B90022A9C8 /* Toast.swift */; };
		9ACEDEA8234EC03200FCB8F6 /* DetailApi.swift in Sources */ = {isa = PBXBuildFile; fileRef = 9ACEDEA7234EC03200FCB8F6 /* DetailApi.swift */; };
		9AF051F9234F1FBD0065437D /* LaunchScreen.png in Resources */ = {isa = PBXBuildFile; fileRef = 9AF051F8234F1FBD0065437D /* LaunchScreen.png */; };
		AA01A6D1234CD50A00D2EBD5 /* ListModel.swift in Sources */ = {isa = PBXBuildFile; fileRef = AA01A6D0234CD50A00D2EBD5 /* ListModel.swift */; };
		AA01A6D3234CD83000D2EBD5 /* JSONToModel.swift in Sources */ = {isa = PBXBuildFile; fileRef = AA01A6D2234CD83000D2EBD5 /* JSONToModel.swift */; };
		AA01A6D7234CDDE300D2EBD5 /* Utils.swift in Sources */ = {isa = PBXBuildFile; fileRef = AA01A6D6234CDDE300D2EBD5 /* Utils.swift */; };
		AA100D1B2348756200672ED1 /* DetailController.swift in Sources */ = {isa = PBXBuildFile; fileRef = AA100D1A2348756200672ED1 /* DetailController.swift */; };
		AA100D1E2348790A00672ED1 /* ListApi.swift in Sources */ = {isa = PBXBuildFile; fileRef = AA100D1D2348790A00672ED1 /* ListApi.swift */; };
		AA100D2123487A3600672ED1 /* Global.swift in Sources */ = {isa = PBXBuildFile; fileRef = AA100D2023487A3600672ED1 /* Global.swift */; };
		AA100D242348805300672ED1 /* ViewModelProtocol.swift in Sources */ = {isa = PBXBuildFile; fileRef = AA100D232348805300672ED1 /* ViewModelProtocol.swift */; };
		AA18705F23486EDB00ECC7A2 /* ListController.swift in Sources */ = {isa = PBXBuildFile; fileRef = AA18705E23486EDB00ECC7A2 /* ListController.swift */; };
		AA18706123486F3A00ECC7A2 /* ListViewModel.swift in Sources */ = {isa = PBXBuildFile; fileRef = AA18706023486F3A00ECC7A2 /* ListViewModel.swift */; };
		AA1870632348717D00ECC7A2 /* AppDelegate+.swift in Sources */ = {isa = PBXBuildFile; fileRef = AA1870622348717D00ECC7A2 /* AppDelegate+.swift */; };
		AA1EA4DD234B4B2100AD1F72 /* UIScrollView+.swift in Sources */ = {isa = PBXBuildFile; fileRef = AA1EA4DC234B4B2100AD1F72 /* UIScrollView+.swift */; };
		AA1F6791234390EC00274AD8 /* BaseViewModel.swift in Sources */ = {isa = PBXBuildFile; fileRef = AA1F6790234390EC00274AD8 /* BaseViewModel.swift */; };
		AA1F67932343910C00274AD8 /* RefreshViewModel.swift in Sources */ = {isa = PBXBuildFile; fileRef = AA1F67922343910C00274AD8 /* RefreshViewModel.swift */; };
		AA1F67992343995100274AD8 /* ErrorTracker.swift in Sources */ = {isa = PBXBuildFile; fileRef = AA1F67972343995100274AD8 /* ErrorTracker.swift */; };
		AA1F679A2343995100274AD8 /* ActivityIndicator.swift in Sources */ = {isa = PBXBuildFile; fileRef = AA1F67982343995100274AD8 /* ActivityIndicator.swift */; };
		AA244B662348D95200C58957 /* ListCell.swift in Sources */ = {isa = PBXBuildFile; fileRef = AA244B652348D95200C58957 /* ListCell.swift */; };
		AA244B6A2348E3A200C58957 /* String+.swift in Sources */ = {isa = PBXBuildFile; fileRef = AA244B692348E3A200C58957 /* String+.swift */; };
		AA8C5A49233F9EBC00C7A888 /* AppDelegate.swift in Sources */ = {isa = PBXBuildFile; fileRef = AA8C5A48233F9EBC00C7A888 /* AppDelegate.swift */; };
		AA8C5A4B233F9EBC00C7A888 /* SceneDelegate.swift in Sources */ = {isa = PBXBuildFile; fileRef = AA8C5A4A233F9EBC00C7A888 /* SceneDelegate.swift */; };
		AA8C5A4D233F9EBC00C7A888 /* BaseViewController.swift in Sources */ = {isa = PBXBuildFile; fileRef = AA8C5A4C233F9EBC00C7A888 /* BaseViewController.swift */; };
		AA8C5A50233F9EBC00C7A888 /* Main.storyboard in Resources */ = {isa = PBXBuildFile; fileRef = AA8C5A4E233F9EBC00C7A888 /* Main.storyboard */; };
		AA8C5A52233F9EBD00C7A888 /* Assets.xcassets in Resources */ = {isa = PBXBuildFile; fileRef = AA8C5A51233F9EBD00C7A888 /* Assets.xcassets */; };
		AA8C5A55233F9EBD00C7A888 /* LaunchScreen.storyboard in Resources */ = {isa = PBXBuildFile; fileRef = AA8C5A53233F9EBD00C7A888 /* LaunchScreen.storyboard */; };
		AA8C5A5D233FB08E00C7A888 /* BaseTableController.swift in Sources */ = {isa = PBXBuildFile; fileRef = AA8C5A5C233FB08E00C7A888 /* BaseTableController.swift */; };
		AAB2D9E5234987B900C03AF9 /* RxProperty.swift in Sources */ = {isa = PBXBuildFile; fileRef = AAB2D9E4234987B900C03AF9 /* RxProperty.swift */; };
		AAB2D9E72349BB2F00C03AF9 /* Rx.swift in Sources */ = {isa = PBXBuildFile; fileRef = AAB2D9E62349BB2F00C03AF9 /* Rx.swift */; };
/* End PBXBuildFile section */

/* Begin PBXFileReference section */
		6FEA300D250A3042C89C7A57 /* Pods_RxSwift_MVVM_Demo.framework */ = {isa = PBXFileReference; explicitFileType = wrapper.framework; includeInIndex = 0; path = Pods_RxSwift_MVVM_Demo.framework; sourceTree = BUILT_PRODUCTS_DIR; };
		707AEAE3137A42F1B5F244C1 /* Pods-RxSwift-MVVM-Demo.debug.xcconfig */ = {isa = PBXFileReference; includeInIndex = 1; lastKnownFileType = text.xcconfig; name = "Pods-RxSwift-MVVM-Demo.debug.xcconfig"; path = "Target Support Files/Pods-RxSwift-MVVM-Demo/Pods-RxSwift-MVVM-Demo.debug.xcconfig"; sourceTree = "<group>"; };
		73DB6AC0F7B971D98532D47D /* Pods-RxSwift-MVVM-Demo.release.xcconfig */ = {isa = PBXFileReference; includeInIndex = 1; lastKnownFileType = text.xcconfig; name = "Pods-RxSwift-MVVM-Demo.release.xcconfig"; path = "Target Support Files/Pods-RxSwift-MVVM-Demo/Pods-RxSwift-MVVM-Demo.release.xcconfig"; sourceTree = "<group>"; };
		9A9636EF234D9CFE0022A9C8 /* PluginsManager.swift */ = {isa = PBXFileReference; lastKnownFileType = sourcecode.swift; path = PluginsManager.swift; sourceTree = "<group>"; };
		9A9636F3234DB2B90022A9C8 /* Toast.swift */ = {isa = PBXFileReference; lastKnownFileType = sourcecode.swift; path = Toast.swift; sourceTree = "<group>"; };
		9ACEDEA7234EC03200FCB8F6 /* DetailApi.swift */ = {isa = PBXFileReference; lastKnownFileType = sourcecode.swift; path = DetailApi.swift; sourceTree = "<group>"; };
		9AF051F8234F1FBD0065437D /* LaunchScreen.png */ = {isa = PBXFileReference; lastKnownFileType = image.png; path = LaunchScreen.png; sourceTree = "<group>"; };
		AA01A6D0234CD50A00D2EBD5 /* ListModel.swift */ = {isa = PBXFileReference; lastKnownFileType = sourcecode.swift; path = ListModel.swift; sourceTree = "<group>"; };
		AA01A6D2234CD83000D2EBD5 /* JSONToModel.swift */ = {isa = PBXFileReference; lastKnownFileType = sourcecode.swift; path = JSONToModel.swift; sourceTree = "<group>"; };
		AA01A6D6234CDDE300D2EBD5 /* Utils.swift */ = {isa = PBXFileReference; lastKnownFileType = sourcecode.swift; path = Utils.swift; sourceTree = "<group>"; };
		AA100D1A2348756200672ED1 /* DetailController.swift */ = {isa = PBXFileReference; lastKnownFileType = sourcecode.swift; path = DetailController.swift; sourceTree = "<group>"; };
		AA100D1D2348790A00672ED1 /* ListApi.swift */ = {isa = PBXFileReference; lastKnownFileType = sourcecode.swift; path = ListApi.swift; sourceTree = "<group>"; };
		AA100D2023487A3600672ED1 /* Global.swift */ = {isa = PBXFileReference; lastKnownFileType = sourcecode.swift; path = Global.swift; sourceTree = "<group>"; };
		AA100D232348805300672ED1 /* ViewModelProtocol.swift */ = {isa = PBXFileReference; lastKnownFileType = sourcecode.swift; path = ViewModelProtocol.swift; sourceTree = "<group>"; };
		AA18705E23486EDB00ECC7A2 /* ListController.swift */ = {isa = PBXFileReference; lastKnownFileType = sourcecode.swift; path = ListController.swift; sourceTree = "<group>"; };
		AA18706023486F3A00ECC7A2 /* ListViewModel.swift */ = {isa = PBXFileReference; lastKnownFileType = sourcecode.swift; path = ListViewModel.swift; sourceTree = "<group>"; };
		AA1870622348717D00ECC7A2 /* AppDelegate+.swift */ = {isa = PBXFileReference; lastKnownFileType = sourcecode.swift; path = "AppDelegate+.swift"; sourceTree = "<group>"; };
		AA1EA4DC234B4B2100AD1F72 /* UIScrollView+.swift */ = {isa = PBXFileReference; lastKnownFileType = sourcecode.swift; path = "UIScrollView+.swift"; sourceTree = "<group>"; };
		AA1F6790234390EC00274AD8 /* BaseViewModel.swift */ = {isa = PBXFileReference; lastKnownFileType = sourcecode.swift; path = BaseViewModel.swift; sourceTree = "<group>"; };
		AA1F67922343910C00274AD8 /* RefreshViewModel.swift */ = {isa = PBXFileReference; lastKnownFileType = sourcecode.swift; path = RefreshViewModel.swift; sourceTree = "<group>"; };
		AA1F67972343995100274AD8 /* ErrorTracker.swift */ = {isa = PBXFileReference; fileEncoding = 4; lastKnownFileType = sourcecode.swift; path = ErrorTracker.swift; sourceTree = "<group>"; };
		AA1F67982343995100274AD8 /* ActivityIndicator.swift */ = {isa = PBXFileReference; fileEncoding = 4; lastKnownFileType = sourcecode.swift; path = ActivityIndicator.swift; sourceTree = "<group>"; };
		AA244B652348D95200C58957 /* ListCell.swift */ = {isa = PBXFileReference; lastKnownFileType = sourcecode.swift; path = ListCell.swift; sourceTree = "<group>"; };
		AA244B692348E3A200C58957 /* String+.swift */ = {isa = PBXFileReference; lastKnownFileType = sourcecode.swift; path = "String+.swift"; sourceTree = "<group>"; };
		AA8C5A45233F9EBC00C7A888 /* RxSwift-MVVM-Demo.app */ = {isa = PBXFileReference; explicitFileType = wrapper.application; includeInIndex = 0; path = "RxSwift-MVVM-Demo.app"; sourceTree = BUILT_PRODUCTS_DIR; };
		AA8C5A48233F9EBC00C7A888 /* AppDelegate.swift */ = {isa = PBXFileReference; lastKnownFileType = sourcecode.swift; path = AppDelegate.swift; sourceTree = "<group>"; };
		AA8C5A4A233F9EBC00C7A888 /* SceneDelegate.swift */ = {isa = PBXFileReference; lastKnownFileType = sourcecode.swift; path = SceneDelegate.swift; sourceTree = "<group>"; };
		AA8C5A4C233F9EBC00C7A888 /* BaseViewController.swift */ = {isa = PBXFileReference; lastKnownFileType = sourcecode.swift; path = BaseViewController.swift; sourceTree = "<group>"; };
		AA8C5A4F233F9EBC00C7A888 /* Base */ = {isa = PBXFileReference; lastKnownFileType = file.storyboard; name = Base; path = Base.lproj/Main.storyboard; sourceTree = "<group>"; };
		AA8C5A51233F9EBD00C7A888 /* Assets.xcassets */ = {isa = PBXFileReference; lastKnownFileType = folder.assetcatalog; path = Assets.xcassets; sourceTree = "<group>"; };
		AA8C5A54233F9EBD00C7A888 /* Base */ = {isa = PBXFileReference; lastKnownFileType = file.storyboard; name = Base; path = Base.lproj/LaunchScreen.storyboard; sourceTree = "<group>"; };
		AA8C5A56233F9EBD00C7A888 /* Info.plist */ = {isa = PBXFileReference; lastKnownFileType = text.plist.xml; path = Info.plist; sourceTree = "<group>"; };
		AA8C5A5C233FB08E00C7A888 /* BaseTableController.swift */ = {isa = PBXFileReference; lastKnownFileType = sourcecode.swift; path = BaseTableController.swift; sourceTree = "<group>"; };
		AAB2D9E4234987B900C03AF9 /* RxProperty.swift */ = {isa = PBXFileReference; lastKnownFileType = sourcecode.swift; path = RxProperty.swift; sourceTree = "<group>"; };
		AAB2D9E62349BB2F00C03AF9 /* Rx.swift */ = {isa = PBXFileReference; lastKnownFileType = sourcecode.swift; path = Rx.swift; sourceTree = "<group>"; };
/* End PBXFileReference section */

/* Begin PBXFrameworksBuildPhase section */
		AA8C5A42233F9EBC00C7A888 /* Frameworks */ = {
			isa = PBXFrameworksBuildPhase;
			buildActionMask = 2147483647;
			files = (
				647F1DBB6A5031931A4B7439 /* Pods_RxSwift_MVVM_Demo.framework in Frameworks */,
			);
			runOnlyForDeploymentPostprocessing = 0;
		};
/* End PBXFrameworksBuildPhase section */

/* Begin PBXGroup section */
		2F07E438C3A5970DEAE202AB /* Pods */ = {
			isa = PBXGroup;
			children = (
				707AEAE3137A42F1B5F244C1 /* Pods-RxSwift-MVVM-Demo.debug.xcconfig */,
				73DB6AC0F7B971D98532D47D /* Pods-RxSwift-MVVM-Demo.release.xcconfig */,
			);
			path = Pods;
			sourceTree = "<group>";
		};
		AA100D152348752100672ED1 /* Detail */ = {
			isa = PBXGroup;
			children = (
				AA100D192348753900672ED1 /* controllers */,
				AA100D182348753400672ED1 /* views */,
				AA100D172348753100672ED1 /* models */,
				AA100D162348752B00672ED1 /* viewModels */,
			);
			path = Detail;
			sourceTree = "<group>";
		};
		AA100D162348752B00672ED1 /* viewModels */ = {
			isa = PBXGroup;
			children = (
			);
			path = viewModels;
			sourceTree = "<group>";
		};
		AA100D172348753100672ED1 /* models */ = {
			isa = PBXGroup;
			children = (
			);
			path = models;
			sourceTree = "<group>";
		};
		AA100D182348753400672ED1 /* views */ = {
			isa = PBXGroup;
			children = (
			);
			path = views;
			sourceTree = "<group>";
		};
		AA100D192348753900672ED1 /* controllers */ = {
			isa = PBXGroup;
			children = (
				AA100D1A2348756200672ED1 /* DetailController.swift */,
			);
			path = controllers;
			sourceTree = "<group>";
		};
		AA100D1C234878E400672ED1 /* targets */ = {
			isa = PBXGroup;
			children = (
				AA100D1D2348790A00672ED1 /* ListApi.swift */,
				9ACEDEA7234EC03200FCB8F6 /* DetailApi.swift */,
			);
			path = targets;
			sourceTree = "<group>";
		};
		AA100D1F23487A2000672ED1 /* utils */ = {
			isa = PBXGroup;
			children = (
				AA01A6D6234CDDE300D2EBD5 /* Utils.swift */,
				AA100D2023487A3600672ED1 /* Global.swift */,
				9A9636F3234DB2B90022A9C8 /* Toast.swift */,
				9A9636EF234D9CFE0022A9C8 /* PluginsManager.swift */,
				AA01A6D2234CD83000D2EBD5 /* JSONToModel.swift */,
				AA244B672348E37700C58957 /* extensions */,
				AA244B682348E38A00C58957 /* protocols */,
			);
			path = utils;
			sourceTree = "<group>";
		};
		AA18705A23486CE700ECC7A2 /* controllers */ = {
			isa = PBXGroup;
			children = (
				AA18705E23486EDB00ECC7A2 /* ListController.swift */,
			);
			path = controllers;
			sourceTree = "<group>";
		};
		AA18705B23486D2D00ECC7A2 /* views */ = {
			isa = PBXGroup;
			children = (
				AA244B652348D95200C58957 /* ListCell.swift */,
			);
			path = views;
			sourceTree = "<group>";
		};
		AA18705C23486D3200ECC7A2 /* viewModels */ = {
			isa = PBXGroup;
			children = (
				AA18706023486F3A00ECC7A2 /* ListViewModel.swift */,
			);
			path = viewModels;
			sourceTree = "<group>";
		};
		AA18705D23486D3A00ECC7A2 /* models */ = {
			isa = PBXGroup;
			children = (
				AA01A6D0234CD50A00D2EBD5 /* ListModel.swift */,
			);
			path = models;
			sourceTree = "<group>";
		};
		AA1F678C234388F800274AD8 /* controllers */ = {
			isa = PBXGroup;
			children = (
				AA8C5A4C233F9EBC00C7A888 /* BaseViewController.swift */,
				AA8C5A5C233FB08E00C7A888 /* BaseTableController.swift */,
			);
			path = controllers;
			sourceTree = "<group>";
		};
		AA1F678D234388FE00274AD8 /* views */ = {
			isa = PBXGroup;
			children = (
			);
			path = views;
			sourceTree = "<group>";
		};
		AA1F678E2343890200274AD8 /* models */ = {
			isa = PBXGroup;
			children = (
			);
			path = models;
			sourceTree = "<group>";
		};
		AA1F678F2343890700274AD8 /* viewModels */ = {
			isa = PBXGroup;
			children = (
				AA1F6790234390EC00274AD8 /* BaseViewModel.swift */,
				AA1F67922343910C00274AD8 /* RefreshViewModel.swift */,
			);
			path = viewModels;
			sourceTree = "<group>";
		};
		AA1F6794234398AA00274AD8 /* class */ = {
			isa = PBXGroup;
			children = (
				AA8C5A48233F9EBC00C7A888 /* AppDelegate.swift */,
				AA1870622348717D00ECC7A2 /* AppDelegate+.swift */,
				AA8C5A4A233F9EBC00C7A888 /* SceneDelegate.swift */,
				9AF051F8234F1FBD0065437D /* LaunchScreen.png */,
				AA8C5A51233F9EBD00C7A888 /* Assets.xcassets */,
				AA8C5A5E233FB09600C7A888 /* base */,
				AA100D152348752100672ED1 /* Detail */,
				AAD3803923478CC40003565C /* list */,
				AA100D1C234878E400672ED1 /* targets */,
				AA100D1F23487A2000672ED1 /* utils */,
				AA1F67962343993500274AD8 /* thirdParty */,
				AA1F6795234398BC00274AD8 /* others */,
			);
			path = class;
			sourceTree = "<group>";
		};
		AA1F6795234398BC00274AD8 /* others */ = {
			isa = PBXGroup;
			children = (
				AA8C5A4E233F9EBC00C7A888 /* Main.storyboard */,
				AA8C5A53233F9EBD00C7A888 /* LaunchScreen.storyboard */,
				AA8C5A56233F9EBD00C7A888 /* Info.plist */,
			);
			path = others;
			sourceTree = "<group>";
		};
		AA1F67962343993500274AD8 /* thirdParty */ = {
			isa = PBXGroup;
			children = (
				AA1F67982343995100274AD8 /* ActivityIndicator.swift */,
				AA1F67972343995100274AD8 /* ErrorTracker.swift */,
			);
			path = thirdParty;
			sourceTree = "<group>";
		};
		AA244B672348E37700C58957 /* extensions */ = {
			isa = PBXGroup;
			children = (
				AA244B692348E3A200C58957 /* String+.swift */,
				AA1EA4DC234B4B2100AD1F72 /* UIScrollView+.swift */,
				AAB2D9E62349BB2F00C03AF9 /* Rx.swift */,
				AAB2D9E4234987B900C03AF9 /* RxProperty.swift */,
			);
			path = extensions;
			sourceTree = "<group>";
		};
		AA244B682348E38A00C58957 /* protocols */ = {
			isa = PBXGroup;
			children = (
				AA100D232348805300672ED1 /* ViewModelProtocol.swift */,
			);
			path = protocols;
			sourceTree = "<group>";
		};
		AA8C5A3C233F9EBC00C7A888 = {
			isa = PBXGroup;
			children = (
				AA8C5A47233F9EBC00C7A888 /* RxSwift-MVVM-Demo */,
				AA8C5A46233F9EBC00C7A888 /* Products */,
				2F07E438C3A5970DEAE202AB /* Pods */,
				F40BA2DEDC3B23503A6BE61A /* Frameworks */,
			);
			sourceTree = "<group>";
		};
		AA8C5A46233F9EBC00C7A888 /* Products */ = {
			isa = PBXGroup;
			children = (
				AA8C5A45233F9EBC00C7A888 /* RxSwift-MVVM-Demo.app */,
			);
			name = Products;
			sourceTree = "<group>";
		};
		AA8C5A47233F9EBC00C7A888 /* RxSwift-MVVM-Demo */ = {
			isa = PBXGroup;
			children = (
				AA1F6794234398AA00274AD8 /* class */,
			);
			path = "RxSwift-MVVM-Demo";
			sourceTree = "<group>";
		};
		AA8C5A5E233FB09600C7A888 /* base */ = {
			isa = PBXGroup;
			children = (
				AA1F678C234388F800274AD8 /* controllers */,
				AA1F678D234388FE00274AD8 /* views */,
				AA1F678E2343890200274AD8 /* models */,
				AA1F678F2343890700274AD8 /* viewModels */,
			);
			path = base;
			sourceTree = "<group>";
		};
		AAD3803923478CC40003565C /* list */ = {
			isa = PBXGroup;
			children = (
				AA18705A23486CE700ECC7A2 /* controllers */,
				AA18705B23486D2D00ECC7A2 /* views */,
				AA18705D23486D3A00ECC7A2 /* models */,
				AA18705C23486D3200ECC7A2 /* viewModels */,
			);
			path = list;
			sourceTree = "<group>";
		};
		F40BA2DEDC3B23503A6BE61A /* Frameworks */ = {
			isa = PBXGroup;
			children = (
				6FEA300D250A3042C89C7A57 /* Pods_RxSwift_MVVM_Demo.framework */,
			);
			name = Frameworks;
			sourceTree = "<group>";
		};
/* End PBXGroup section */

/* Begin PBXNativeTarget section */
		AA8C5A44233F9EBC00C7A888 /* RxSwift-MVVM-Demo */ = {
			isa = PBXNativeTarget;
			buildConfigurationList = AA8C5A59233F9EBD00C7A888 /* Build configuration list for PBXNativeTarget "RxSwift-MVVM-Demo" */;
			buildPhases = (
				8EA094E8585936B2E0907B08 /* [CP] Check Pods Manifest.lock */,
				AA8C5A41233F9EBC00C7A888 /* Sources */,
				AA8C5A42233F9EBC00C7A888 /* Frameworks */,
				AA8C5A43233F9EBC00C7A888 /* Resources */,
				667B23F8B243477CA7801EEF /* [CP] Embed Pods Frameworks */,
			);
			buildRules = (
			);
			dependencies = (
			);
			name = "RxSwift-MVVM-Demo";
			productName = "RxSwift-MVVM-Demo";
			productReference = AA8C5A45233F9EBC00C7A888 /* RxSwift-MVVM-Demo.app */;
			productType = "com.apple.product-type.application";
		};
/* End PBXNativeTarget section */

/* Begin PBXProject section */
		AA8C5A3D233F9EBC00C7A888 /* Project object */ = {
			isa = PBXProject;
			attributes = {
				LastSwiftUpdateCheck = 1100;
				LastUpgradeCheck = 1100;
				ORGANIZATIONNAME = Mr.Hong;
				TargetAttributes = {
					AA8C5A44233F9EBC00C7A888 = {
						CreatedOnToolsVersion = 11.0;
					};
				};
			};
			buildConfigurationList = AA8C5A40233F9EBC00C7A888 /* Build configuration list for PBXProject "RxSwift-MVVM-Demo" */;
			compatibilityVersion = "Xcode 9.3";
			developmentRegion = en;
			hasScannedForEncodings = 0;
			knownRegions = (
				en,
				Base,
			);
			mainGroup = AA8C5A3C233F9EBC00C7A888;
			productRefGroup = AA8C5A46233F9EBC00C7A888 /* Products */;
			projectDirPath = "";
			projectRoot = "";
			targets = (
				AA8C5A44233F9EBC00C7A888 /* RxSwift-MVVM-Demo */,
			);
		};
/* End PBXProject section */

/* Begin PBXResourcesBuildPhase section */
		AA8C5A43233F9EBC00C7A888 /* Resources */ = {
			isa = PBXResourcesBuildPhase;
			buildActionMask = 2147483647;
			files = (
				AA8C5A55233F9EBD00C7A888 /* LaunchScreen.storyboard in Resources */,
				AA8C5A52233F9EBD00C7A888 /* Assets.xcassets in Resources */,
				9AF051F9234F1FBD0065437D /* LaunchScreen.png in Resources */,
				AA8C5A50233F9EBC00C7A888 /* Main.storyboard in Resources */,
			);
			runOnlyForDeploymentPostprocessing = 0;
		};
/* End PBXResourcesBuildPhase section */

/* Begin PBXShellScriptBuildPhase section */
		667B23F8B243477CA7801EEF /* [CP] Embed Pods Frameworks */ = {
			isa = PBXShellScriptBuildPhase;
			buildActionMask = 2147483647;
			files = (
			);
			inputFileListPaths = (
				"${PODS_ROOT}/Target Support Files/Pods-RxSwift-MVVM-Demo/Pods-RxSwift-MVVM-Demo-frameworks-${CONFIGURATION}-input-files.xcfilelist",
			);
			name = "[CP] Embed Pods Frameworks";
			outputFileListPaths = (
				"${PODS_ROOT}/Target Support Files/Pods-RxSwift-MVVM-Demo/Pods-RxSwift-MVVM-Demo-frameworks-${CONFIGURATION}-output-files.xcfilelist",
			);
			runOnlyForDeploymentPostprocessing = 0;
			shellPath = /bin/sh;
			shellScript = "\"${PODS_ROOT}/Target Support Files/Pods-RxSwift-MVVM-Demo/Pods-RxSwift-MVVM-Demo-frameworks.sh\"\n";
			showEnvVarsInLog = 0;
		};
		8EA094E8585936B2E0907B08 /* [CP] Check Pods Manifest.lock */ = {
			isa = PBXShellScriptBuildPhase;
			buildActionMask = 2147483647;
			files = (
			);
			inputFileListPaths = (
			);
			inputPaths = (
				"${PODS_PODFILE_DIR_PATH}/Podfile.lock",
				"${PODS_ROOT}/Manifest.lock",
			);
			name = "[CP] Check Pods Manifest.lock";
			outputFileListPaths = (
			);
			outputPaths = (
				"$(DERIVED_FILE_DIR)/Pods-RxSwift-MVVM-Demo-checkManifestLockResult.txt",
			);
			runOnlyForDeploymentPostprocessing = 0;
			shellPath = /bin/sh;
			shellScript = "diff \"${PODS_PODFILE_DIR_PATH}/Podfile.lock\" \"${PODS_ROOT}/Manifest.lock\" > /dev/null\nif [ $? != 0 ] ; then\n    # print error to STDERR\n    echo \"error: The sandbox is not in sync with the Podfile.lock. Run 'pod install' or update your CocoaPods installation.\" >&2\n    exit 1\nfi\n# This output is used by Xcode 'outputs' to avoid re-running this script phase.\necho \"SUCCESS\" > \"${SCRIPT_OUTPUT_FILE_0}\"\n";
			showEnvVarsInLog = 0;
		};
/* End PBXShellScriptBuildPhase section */

/* Begin PBXSourcesBuildPhase section */
		AA8C5A41233F9EBC00C7A888 /* Sources */ = {
			isa = PBXSourcesBuildPhase;
			buildActionMask = 2147483647;
			files = (
				AA100D2123487A3600672ED1 /* Global.swift in Sources */,
				AA18706123486F3A00ECC7A2 /* ListViewModel.swift in Sources */,
				AA1F67992343995100274AD8 /* ErrorTracker.swift in Sources */,
				AA8C5A4D233F9EBC00C7A888 /* BaseViewController.swift in Sources */,
				AA18705F23486EDB00ECC7A2 /* ListController.swift in Sources */,
				AA244B662348D95200C58957 /* ListCell.swift in Sources */,
				AA100D1B2348756200672ED1 /* DetailController.swift in Sources */,
				AA1F6791234390EC00274AD8 /* BaseViewModel.swift in Sources */,
				AA01A6D3234CD83000D2EBD5 /* JSONToModel.swift in Sources */,
				AA8C5A49233F9EBC00C7A888 /* AppDelegate.swift in Sources */,
				AA1F679A2343995100274AD8 /* ActivityIndicator.swift in Sources */,
				AA100D1E2348790A00672ED1 /* ListApi.swift in Sources */,
				9A9636F4234DB2B90022A9C8 /* Toast.swift in Sources */,
				AA8C5A4B233F9EBC00C7A888 /* SceneDelegate.swift in Sources */,
				AA100D242348805300672ED1 /* ViewModelProtocol.swift in Sources */,
				AA1870632348717D00ECC7A2 /* AppDelegate+.swift in Sources */,
				AA244B6A2348E3A200C58957 /* String+.swift in Sources */,
				AA1F67932343910C00274AD8 /* RefreshViewModel.swift in Sources */,
				AAB2D9E5234987B900C03AF9 /* RxProperty.swift in Sources */,
				AA1EA4DD234B4B2100AD1F72 /* UIScrollView+.swift in Sources */,
				AA01A6D1234CD50A00D2EBD5 /* ListModel.swift in Sources */,
				9A9636F0234D9CFE0022A9C8 /* PluginsManager.swift in Sources */,
				AAB2D9E72349BB2F00C03AF9 /* Rx.swift in Sources */,
				AA8C5A5D233FB08E00C7A888 /* BaseTableController.swift in Sources */,
				AA01A6D7234CDDE300D2EBD5 /* Utils.swift in Sources */,
				9ACEDEA8234EC03200FCB8F6 /* DetailApi.swift in Sources */,
			);
			runOnlyForDeploymentPostprocessing = 0;
		};
/* End PBXSourcesBuildPhase section */

/* Begin PBXVariantGroup section */
		AA8C5A4E233F9EBC00C7A888 /* Main.storyboard */ = {
			isa = PBXVariantGroup;
			children = (
				AA8C5A4F233F9EBC00C7A888 /* Base */,
			);
			name = Main.storyboard;
			sourceTree = "<group>";
		};
		AA8C5A53233F9EBD00C7A888 /* LaunchScreen.storyboard */ = {
			isa = PBXVariantGroup;
			children = (
				AA8C5A54233F9EBD00C7A888 /* Base */,
			);
			name = LaunchScreen.storyboard;
			sourceTree = "<group>";
		};
/* End PBXVariantGroup section */

/* Begin XCBuildConfiguration section */
		AA8C5A57233F9EBD00C7A888 /* Debug */ = {
			isa = XCBuildConfiguration;
			buildSettings = {
				ALWAYS_SEARCH_USER_PATHS = NO;
				CLANG_ANALYZER_NONNULL = YES;
				CLANG_ANALYZER_NUMBER_OBJECT_CONVERSION = YES_AGGRESSIVE;
				CLANG_CXX_LANGUAGE_STANDARD = "gnu++14";
				CLANG_CXX_LIBRARY = "libc++";
				CLANG_ENABLE_MODULES = YES;
				CLANG_ENABLE_OBJC_ARC = YES;
				CLANG_ENABLE_OBJC_WEAK = YES;
				CLANG_WARN_BLOCK_CAPTURE_AUTORELEASING = YES;
				CLANG_WARN_BOOL_CONVERSION = YES;
				CLANG_WARN_COMMA = YES;
				CLANG_WARN_CONSTANT_CONVERSION = YES;
				CLANG_WARN_DEPRECATED_OBJC_IMPLEMENTATIONS = YES;
				CLANG_WARN_DIRECT_OBJC_ISA_USAGE = YES_ERROR;
				CLANG_WARN_DOCUMENTATION_COMMENTS = YES;
				CLANG_WARN_EMPTY_BODY = YES;
				CLANG_WARN_ENUM_CONVERSION = YES;
				CLANG_WARN_INFINITE_RECURSION = YES;
				CLANG_WARN_INT_CONVERSION = YES;
				CLANG_WARN_NON_LITERAL_NULL_CONVERSION = YES;
				CLANG_WARN_OBJC_IMPLICIT_RETAIN_SELF = YES;
				CLANG_WARN_OBJC_LITERAL_CONVERSION = YES;
				CLANG_WARN_OBJC_ROOT_CLASS = YES_ERROR;
				CLANG_WARN_RANGE_LOOP_ANALYSIS = YES;
				CLANG_WARN_STRICT_PROTOTYPES = YES;
				CLANG_WARN_SUSPICIOUS_MOVE = YES;
				CLANG_WARN_UNGUARDED_AVAILABILITY = YES_AGGRESSIVE;
				CLANG_WARN_UNREACHABLE_CODE = YES;
				CLANG_WARN__DUPLICATE_METHOD_MATCH = YES;
				COPY_PHASE_STRIP = NO;
				DEBUG_INFORMATION_FORMAT = dwarf;
				ENABLE_STRICT_OBJC_MSGSEND = YES;
				ENABLE_TESTABILITY = YES;
				GCC_C_LANGUAGE_STANDARD = gnu11;
				GCC_DYNAMIC_NO_PIC = NO;
				GCC_NO_COMMON_BLOCKS = YES;
				GCC_OPTIMIZATION_LEVEL = 0;
				GCC_PREPROCESSOR_DEFINITIONS = (
					"DEBUG=1",
					"$(inherited)",
				);
				GCC_WARN_64_TO_32_BIT_CONVERSION = YES;
				GCC_WARN_ABOUT_RETURN_TYPE = YES_ERROR;
				GCC_WARN_UNDECLARED_SELECTOR = YES;
				GCC_WARN_UNINITIALIZED_AUTOS = YES_AGGRESSIVE;
				GCC_WARN_UNUSED_FUNCTION = YES;
				GCC_WARN_UNUSED_VARIABLE = YES;
				IPHONEOS_DEPLOYMENT_TARGET = 13.0;
				MTL_ENABLE_DEBUG_INFO = INCLUDE_SOURCE;
				MTL_FAST_MATH = YES;
				ONLY_ACTIVE_ARCH = YES;
				SDKROOT = iphoneos;
				SWIFT_ACTIVE_COMPILATION_CONDITIONS = DEBUG;
				SWIFT_OPTIMIZATION_LEVEL = "-Onone";
			};
			name = Debug;
		};
		AA8C5A58233F9EBD00C7A888 /* Release */ = {
			isa = XCBuildConfiguration;
			buildSettings = {
				ALWAYS_SEARCH_USER_PATHS = NO;
				CLANG_ANALYZER_NONNULL = YES;
				CLANG_ANALYZER_NUMBER_OBJECT_CONVERSION = YES_AGGRESSIVE;
				CLANG_CXX_LANGUAGE_STANDARD = "gnu++14";
				CLANG_CXX_LIBRARY = "libc++";
				CLANG_ENABLE_MODULES = YES;
				CLANG_ENABLE_OBJC_ARC = YES;
				CLANG_ENABLE_OBJC_WEAK = YES;
				CLANG_WARN_BLOCK_CAPTURE_AUTORELEASING = YES;
				CLANG_WARN_BOOL_CONVERSION = YES;
				CLANG_WARN_COMMA = YES;
				CLANG_WARN_CONSTANT_CONVERSION = YES;
				CLANG_WARN_DEPRECATED_OBJC_IMPLEMENTATIONS = YES;
				CLANG_WARN_DIRECT_OBJC_ISA_USAGE = YES_ERROR;
				CLANG_WARN_DOCUMENTATION_COMMENTS = YES;
				CLANG_WARN_EMPTY_BODY = YES;
				CLANG_WARN_ENUM_CONVERSION = YES;
				CLANG_WARN_INFINITE_RECURSION = YES;
				CLANG_WARN_INT_CONVERSION = YES;
				CLANG_WARN_NON_LITERAL_NULL_CONVERSION = YES;
				CLANG_WARN_OBJC_IMPLICIT_RETAIN_SELF = YES;
				CLANG_WARN_OBJC_LITERAL_CONVERSION = YES;
				CLANG_WARN_OBJC_ROOT_CLASS = YES_ERROR;
				CLANG_WARN_RANGE_LOOP_ANALYSIS = YES;
				CLANG_WARN_STRICT_PROTOTYPES = YES;
				CLANG_WARN_SUSPICIOUS_MOVE = YES;
				CLANG_WARN_UNGUARDED_AVAILABILITY = YES_AGGRESSIVE;
				CLANG_WARN_UNREACHABLE_CODE = YES;
				CLANG_WARN__DUPLICATE_METHOD_MATCH = YES;
				COPY_PHASE_STRIP = NO;
				DEBUG_INFORMATION_FORMAT = "dwarf-with-dsym";
				ENABLE_NS_ASSERTIONS = NO;
				ENABLE_STRICT_OBJC_MSGSEND = YES;
				GCC_C_LANGUAGE_STANDARD = gnu11;
				GCC_NO_COMMON_BLOCKS = YES;
				GCC_WARN_64_TO_32_BIT_CONVERSION = YES;
				GCC_WARN_ABOUT_RETURN_TYPE = YES_ERROR;
				GCC_WARN_UNDECLARED_SELECTOR = YES;
				GCC_WARN_UNINITIALIZED_AUTOS = YES_AGGRESSIVE;
				GCC_WARN_UNUSED_FUNCTION = YES;
				GCC_WARN_UNUSED_VARIABLE = YES;
				IPHONEOS_DEPLOYMENT_TARGET = 13.0;
				MTL_ENABLE_DEBUG_INFO = NO;
				MTL_FAST_MATH = YES;
				SDKROOT = iphoneos;
				SWIFT_COMPILATION_MODE = wholemodule;
				SWIFT_OPTIMIZATION_LEVEL = "-O";
				VALIDATE_PRODUCT = YES;
			};
			name = Release;
		};
		AA8C5A5A233F9EBD00C7A888 /* Debug */ = {
			isa = XCBuildConfiguration;
			baseConfigurationReference = 707AEAE3137A42F1B5F244C1 /* Pods-RxSwift-MVVM-Demo.debug.xcconfig */;
			buildSettings = {
				ASSETCATALOG_COMPILER_APPICON_NAME = AppIcon;
				CODE_SIGN_STYLE = Automatic;
				DEVELOPMENT_TEAM = 7Q7RDYYJM6;
				INFOPLIST_FILE = "RxSwift-MVVM-Demo/class/others/Info.plist";
				IPHONEOS_DEPLOYMENT_TARGET = 13.0;
				LD_RUNPATH_SEARCH_PATHS = (
					"$(inherited)",
					"@executable_path/Frameworks",
				);
				PRODUCT_BUNDLE_IDENTIFIER = "Mr.Hong.RxSwift-MVVM-Demo";
				PRODUCT_NAME = "$(TARGET_NAME)";
				SWIFT_VERSION = 5.0;
				TARGETED_DEVICE_FAMILY = 1;
			};
			name = Debug;
		};
		AA8C5A5B233F9EBD00C7A888 /* Release */ = {
			isa = XCBuildConfiguration;
			baseConfigurationReference = 73DB6AC0F7B971D98532D47D /* Pods-RxSwift-MVVM-Demo.release.xcconfig */;
			buildSettings = {
				ASSETCATALOG_COMPILER_APPICON_NAME = AppIcon;
				CODE_SIGN_STYLE = Automatic;
				DEVELOPMENT_TEAM = 7Q7RDYYJM6;
				INFOPLIST_FILE = "RxSwift-MVVM-Demo/class/others/Info.plist";
				IPHONEOS_DEPLOYMENT_TARGET = 13.0;
				LD_RUNPATH_SEARCH_PATHS = (
					"$(inherited)",
					"@executable_path/Frameworks",
				);
				PRODUCT_BUNDLE_IDENTIFIER = "Mr.Hong.RxSwift-MVVM-Demo";
				PRODUCT_NAME = "$(TARGET_NAME)";
				SWIFT_VERSION = 5.0;
				TARGETED_DEVICE_FAMILY = 1;
			};
			name = Release;
		};
/* End XCBuildConfiguration section */

/* Begin XCConfigurationList section */
		AA8C5A40233F9EBC00C7A888 /* Build configuration list for PBXProject "RxSwift-MVVM-Demo" */ = {
			isa = XCConfigurationList;
			buildConfigurations = (
				AA8C5A57233F9EBD00C7A888 /* Debug */,
				AA8C5A58233F9EBD00C7A888 /* Release */,
			);
			defaultConfigurationIsVisible = 0;
			defaultConfigurationName = Release;
		};
		AA8C5A59233F9EBD00C7A888 /* Build configuration list for PBXNativeTarget "RxSwift-MVVM-Demo" */ = {
			isa = XCConfigurationList;
			buildConfigurations = (
				AA8C5A5A233F9EBD00C7A888 /* Debug */,
				AA8C5A5B233F9EBD00C7A888 /* Release */,
			);
			defaultConfigurationIsVisible = 0;
			defaultConfigurationName = Release;
		};
/* End XCConfigurationList section */
	};
	rootObject = AA8C5A3D233F9EBC00C7A888 /* Project object */;
}
